// !$*UTF8*$!
{
	archiveVersion = 1;
	classes = {
	};
	objectVersion = 46;
	objects = {

/* Begin PBXBuildFile section */
		AA6F46A21DEC87FA00086C8D /* AppDelegate.swift in Sources */ = {isa = PBXBuildFile; fileRef = AA6F46A11DEC87FA00086C8D /* AppDelegate.swift */; };
		AA6F46A41DEC87FA00086C8D /* ViewController.swift in Sources */ = {isa = PBXBuildFile; fileRef = AA6F46A31DEC87FA00086C8D /* ViewController.swift */; };
		AA6F46A71DEC87FA00086C8D /* Main.storyboard in Resources */ = {isa = PBXBuildFile; fileRef = AA6F46A51DEC87FA00086C8D /* Main.storyboard */; };
		AA6F46A91DEC87FA00086C8D /* Assets.xcassets in Resources */ = {isa = PBXBuildFile; fileRef = AA6F46A81DEC87FA00086C8D /* Assets.xcassets */; };
		AA6F46AC1DEC87FA00086C8D /* LaunchScreen.storyboard in Resources */ = {isa = PBXBuildFile; fileRef = AA6F46AA1DEC87FA00086C8D /* LaunchScreen.storyboard */; };
		AA6F46B51DEC881300086C8D /* SwiftySets.swift in Sources */ = {isa = PBXBuildFile; fileRef = AA6F46B41DEC881300086C8D /* SwiftySets.swift */; };
/* End PBXBuildFile section */

/* Begin PBXFileReference section */
		AA6F469E1DEC87FA00086C8D /* SwiftySets.app */ = {isa = PBXFileReference; explicitFileType = wrapper.application; includeInIndex = 0; path = SwiftySets.app; sourceTree = BUILT_PRODUCTS_DIR; };
		AA6F46A11DEC87FA00086C8D /* AppDelegate.swift */ = {isa = PBXFileReference; lastKnownFileType = sourcecode.swift; path = AppDelegate.swift; sourceTree = "<group>"; };
		AA6F46A31DEC87FA00086C8D /* ViewController.swift */ = {isa = PBXFileReference; lastKnownFileType = sourcecode.swift; path = ViewController.swift; sourceTree = "<group>"; };
		AA6F46A61DEC87FA00086C8D /* Base */ = {isa = PBXFileReference; lastKnownFileType = file.storyboard; name = Base; path = Base.lproj/Main.storyboard; sourceTree = "<group>"; };
		AA6F46A81DEC87FA00086C8D /* Assets.xcassets */ = {isa = PBXFileReference; lastKnownFileType = folder.assetcatalog; path = Assets.xcassets; sourceTree = "<group>"; };
		AA6F46AB1DEC87FA00086C8D /* Base */ = {isa = PBXFileReference; lastKnownFileType = file.storyboard; name = Base; path = Base.lproj/LaunchScreen.storyboard; sourceTree = "<group>"; };
		AA6F46AD1DEC87FA00086C8D /* Info.plist */ = {isa = PBXFileReference; lastKnownFileType = text.plist.xml; path = Info.plist; sourceTree = "<group>"; };
		AA6F46B41DEC881300086C8D /* SwiftySets.swift */ = {isa = PBXFileReference; fileEncoding = 4; lastKnownFileType = sourcecode.swift; path = SwiftySets.swift; sourceTree = "<group>"; };
/* End PBXFileReference section */

/* Begin PBXFrameworksBuildPhase section */
		AA6F469B1DEC87FA00086C8D /* Frameworks */ = {
			isa = PBXFrameworksBuildPhase;
			buildActionMask = 2147483647;
			files = (
			);
			runOnlyForDeploymentPostprocessing = 0;
		};
/* End PBXFrameworksBuildPhase section */

/* Begin PBXGroup section */
		AA6F46951DEC87FA00086C8D = {
			isa = PBXGroup;
			children = (
				AA6F46A01DEC87FA00086C8D /* SwiftySets */,
				AA6F469F1DEC87FA00086C8D /* Products */,
			);
			sourceTree = "<group>";
		};
		AA6F469F1DEC87FA00086C8D /* Products */ = {
			isa = PBXGroup;
			children = (
				AA6F469E1DEC87FA00086C8D /* SwiftySets.app */,
			);
			name = Products;
			sourceTree = "<group>";
		};
		AA6F46A01DEC87FA00086C8D /* SwiftySets */ = {
			isa = PBXGroup;
			children = (
				AA6F46B31DEC880300086C8D /* Lib */,
				AA6F46A11DEC87FA00086C8D /* AppDelegate.swift */,
				AA6F46A31DEC87FA00086C8D /* ViewController.swift */,
				AA6F46A51DEC87FA00086C8D /* Main.storyboard */,
				AA6F46A81DEC87FA00086C8D /* Assets.xcassets */,
				AA6F46AA1DEC87FA00086C8D /* LaunchScreen.storyboard */,
				AA6F46AD1DEC87FA00086C8D /* Info.plist */,
			);
			path = SwiftySets;
			sourceTree = "<group>";
		};
		AA6F46B31DEC880300086C8D /* Lib */ = {
			isa = PBXGroup;
			children = (
				AA6F46B41DEC881300086C8D /* SwiftySets.swift */,
			);
			name = Lib;
			sourceTree = "<group>";
		};
/* End PBXGroup section */

/* Begin PBXNativeTarget section */
		AA6F469D1DEC87FA00086C8D /* SwiftySets */ = {
			isa = PBXNativeTarget;
			buildConfigurationList = AA6F46B01DEC87FA00086C8D /* Build configuration list for PBXNativeTarget "SwiftySets" */;
			buildPhases = (
				AA6F469A1DEC87FA00086C8D /* Sources */,
				AA6F469B1DEC87FA00086C8D /* Frameworks */,
				AA6F469C1DEC87FA00086C8D /* Resources */,
			);
			buildRules = (
			);
			dependencies = (
			);
			name = SwiftySets;
			productName = SwiftySets;
			productReference = AA6F469E1DEC87FA00086C8D /* SwiftySets.app */;
			productType = "com.apple.product-type.application";
		};
/* End PBXNativeTarget section */

/* Begin PBXProject section */
		AA6F46961DEC87FA00086C8D /* Project object */ = {
			isa = PBXProject;
			attributes = {
				LastSwiftUpdateCheck = 0810;
				LastUpgradeCheck = 0810;
				ORGANIZATIONNAME = Fixed;
				TargetAttributes = {
					AA6F469D1DEC87FA00086C8D = {
						CreatedOnToolsVersion = 8.1;
						ProvisioningStyle = Automatic;
					};
				};
			};
			buildConfigurationList = AA6F46991DEC87FA00086C8D /* Build configuration list for PBXProject "SwiftySets" */;
			compatibilityVersion = "Xcode 3.2";
			developmentRegion = English;
			hasScannedForEncodings = 0;
			knownRegions = (
				en,
				Base,
			);
			mainGroup = AA6F46951DEC87FA00086C8D;
			productRefGroup = AA6F469F1DEC87FA00086C8D /* Products */;
			projectDirPath = "";
			projectRoot = "";
			targets = (
				AA6F469D1DEC87FA00086C8D /* SwiftySets */,
			);
		};
/* End PBXProject section */

/* Begin PBXResourcesBuildPhase section */
		AA6F469C1DEC87FA00086C8D /* Resources */ = {
			isa = PBXResourcesBuildPhase;
			buildActionMask = 2147483647;
			files = (
				AA6F46AC1DEC87FA00086C8D /* LaunchScreen.storyboard in Resources */,
				AA6F46A91DEC87FA00086C8D /* Assets.xcassets in Resources */,
				AA6F46A71DEC87FA00086C8D /* Main.storyboard in Resources */,
			);
			runOnlyForDeploymentPostprocessing = 0;
		};
/* End PBXResourcesBuildPhase section */

/* Begin PBXSourcesBuildPhase section */
		AA6F469A1DEC87FA00086C8D /* Sources */ = {
			isa = PBXSourcesBuildPhase;
			buildActionMask = 2147483647;
			files = (
				AA6F46B51DEC881300086C8D /* SwiftySets.swift in Sources */,
				AA6F46A41DEC87FA00086C8D /* ViewController.swift in Sources */,
				AA6F46A21DEC87FA00086C8D /* AppDelegate.swift in Sources */,
			);
			runOnlyForDeploymentPostprocessing = 0;
		};
/* End PBXSourcesBuildPhase section */

/* Begin PBXVariantGroup section */
		AA6F46A51DEC87FA00086C8D /* Main.storyboard */ = {
			isa = PBXVariantGroup;
			children = (
				AA6F46A61DEC87FA00086C8D /* Base */,
			);
			name = Main.storyboard;
			sourceTree = "<group>";
		};
		AA6F46AA1DEC87FA00086C8D /* LaunchScreen.storyboard */ = {
			isa = PBXVariantGroup;
			children = (
				AA6F46AB1DEC87FA00086C8D /* Base */,
			);
			name = LaunchScreen.storyboard;
			sourceTree = "<group>";
		};
/* End PBXVariantGroup section */

/* Begin XCBuildConfiguration section */
		AA6F46AE1DEC87FA00086C8D /* Debug */ = {
			isa = XCBuildConfiguration;
			buildSettings = {
				ALWAYS_SEARCH_USER_PATHS = NO;
				CLANG_ANALYZER_NONNULL = YES;
				CLANG_CXX_LANGUAGE_STANDARD = "gnu++0x";
				CLANG_CXX_LIBRARY = "libc++";
				CLANG_ENABLE_MODULES = YES;
				CLANG_ENABLE_OBJC_ARC = YES;
				CLANG_WARN_BOOL_CONVERSION = YES;
				CLANG_WARN_CONSTANT_CONVERSION = YES;
				CLANG_WARN_DIRECT_OBJC_ISA_USAGE = YES_ERROR;
				CLANG_WARN_DOCUMENTATION_COMMENTS = YES;
				CLANG_WARN_EMPTY_BODY = YES;
				CLANG_WARN_ENUM_CONVERSION = YES;
				CLANG_WARN_INFINITE_RECURSION = YES;
				CLANG_WARN_INT_CONVERSION = YES;
				CLANG_WARN_OBJC_ROOT_CLASS = YES_ERROR;
				CLANG_WARN_SUSPICIOUS_MOVES = YES;
				CLANG_WARN_UNREACHABLE_CODE = YES;
				CLANG_WARN__DUPLICATE_METHOD_MATCH = YES;
				"CODE_SIGN_IDENTITY[sdk=iphoneos*]" = "iPhone Developer";
				COPY_PHASE_STRIP = NO;
				DEBUG_INFORMATION_FORMAT = dwarf;
				ENABLE_STRICT_OBJC_MSGSEND = YES;
				ENABLE_TESTABILITY = YES;
				GCC_C_LANGUAGE_STANDARD = gnu99;
				GCC_DYNAMIC_NO_PIC = NO;
				GCC_NO_COMMON_BLOCKS = YES;
				GCC_OPTIMIZATION_LEVEL = 0;
				GCC_PREPROCESSOR_DEFINITIONS = (
					"DEBUG=1",
					"$(inherited)",
				);
				GCC_WARN_64_TO_32_BIT_CONVERSION = YES;
				GCC_WARN_ABOUT_RETURN_TYPE = YES_ERROR;
				GCC_WARN_UNDECLARED_SELECTOR = YES;
				GCC_WARN_UNINITIALIZED_AUTOS = YES_AGGRESSIVE;
				GCC_WARN_UNUSED_FUNCTION = YES;
				GCC_WARN_UNUSED_VARIABLE = YES;
				IPHONEOS_DEPLOYMENT_TARGET = 10.1;
				MTL_ENABLE_DEBUG_INFO = YES;
				ONLY_ACTIVE_ARCH = YES;
				SDKROOT = iphoneos;
				SWIFT_ACTIVE_COMPILATION_CONDITIONS = DEBUG;
				SWIFT_OPTIMIZATION_LEVEL = "-Onone";
				TARGETED_DEVICE_FAMILY = "1,2";
			};
			name = Debug;
		};
		AA6F46AF1DEC87FA00086C8D /* Release */ = {
			isa = XCBuildConfiguration;
			buildSettings = {
				ALWAYS_SEARCH_USER_PATHS = NO;
				CLANG_ANALYZER_NONNULL = YES;
				CLANG_CXX_LANGUAGE_STANDARD = "gnu++0x";
				CLANG_CXX_LIBRARY = "libc++";
				CLANG_ENABLE_MODULES = YES;
				CLANG_ENABLE_OBJC_ARC = YES;
				CLANG_WARN_BOOL_CONVERSION = YES;
				CLANG_WARN_CONSTANT_CONVERSION = YES;
				CLANG_WARN_DIRECT_OBJC_ISA_USAGE = YES_ERROR;
				CLANG_WARN_DOCUMENTATION_COMMENTS = YES;
				CLANG_WARN_EMPTY_BODY = YES;
				CLANG_WARN_ENUM_CONVERSION = YES;
				CLANG_WARN_INFINITE_RECURSION = YES;
				CLANG_WARN_INT_CONVERSION = YES;
				CLANG_WARN_OBJC_ROOT_CLASS = YES_ERROR;
				CLANG_WARN_SUSPICIOUS_MOVES = YES;
				CLANG_WARN_UNREACHABLE_CODE = YES;
				CLANG_WARN__DUPLICATE_METHOD_MATCH = YES;
				"CODE_SIGN_IDENTITY[sdk=iphoneos*]" = "iPhone Developer";
				COPY_PHASE_STRIP = NO;
				DEBUG_INFORMATION_FORMAT = "dwarf-with-dsym";
				ENABLE_NS_ASSERTIONS = NO;
				ENABLE_STRICT_OBJC_MSGSEND = YES;
				GCC_C_LANGUAGE_STANDARD = gnu99;
				GCC_NO_COMMON_BLOCKS = YES;
				GCC_WARN_64_TO_32_BIT_CONVERSION = YES;
				GCC_WARN_ABOUT_RETURN_TYPE = YES_ERROR;
				GCC_WARN_UNDECLARED_SELECTOR = YES;
				GCC_WARN_UNINITIALIZED_AUTOS = YES_AGGRESSIVE;
				GCC_WARN_UNUSED_FUNCTION = YES;
				GCC_WARN_UNUSED_VARIABLE = YES;
				IPHONEOS_DEPLOYMENT_TARGET = 10.1;
				MTL_ENABLE_DEBUG_INFO = NO;
				SDKROOT = iphoneos;
				SWIFT_OPTIMIZATION_LEVEL = "-Owholemodule";
				TARGETED_DEVICE_FAMILY = "1,2";
				VALIDATE_PRODUCT = YES;
			};
			name = Release;
		};
		AA6F46B11DEC87FA00086C8D /* Debug */ = {
			isa = XCBuildConfiguration;
			buildSettings = {
				ASSETCATALOG_COMPILER_APPICON_NAME = AppIcon;
				INFOPLIST_FILE = SwiftySets/Info.plist;
				LD_RUNPATH_SEARCH_PATHS = "$(inherited) @executable_path/Frameworks";
				PRODUCT_BUNDLE_IDENTIFIER = com.kaboomlab.SwiftySets;
				PRODUCT_NAME = "$(TARGET_NAME)";
				SWIFT_VERSION = 3.0;
			};
			name = Debug;
		};
		AA6F46B21DEC87FA00086C8D /* Release */ = {
			isa = XCBuildConfiguration;
			buildSettings = {
				ASSETCATALOG_COMPILER_APPICON_NAME = AppIcon;
				INFOPLIST_FILE = SwiftySets/Info.plist;
				LD_RUNPATH_SEARCH_PATHS = "$(inherited) @executable_path/Frameworks";
				PRODUCT_BUNDLE_IDENTIFIER = com.kaboomlab.SwiftySets;
				PRODUCT_NAME = "$(TARGET_NAME)";
				SWIFT_VERSION = 3.0;
			};
			name = Release;
		};
/* End XCBuildConfiguration section */

/* Begin XCConfigurationList section */
		AA6F46991DEC87FA00086C8D /* Build configuration list for PBXProject "SwiftySets" */ = {
			isa = XCConfigurationList;
			buildConfigurations = (
				AA6F46AE1DEC87FA00086C8D /* Debug */,
				AA6F46AF1DEC87FA00086C8D /* Release */,
			);
			defaultConfigurationIsVisible = 0;
			defaultConfigurationName = Release;
		};
		AA6F46B01DEC87FA00086C8D /* Build configuration list for PBXNativeTarget "SwiftySets" */ = {
			isa = XCConfigurationList;
			buildConfigurations = (
				AA6F46B11DEC87FA00086C8D /* Debug */,
				AA6F46B21DEC87FA00086C8D /* Release */,
			);
			defaultConfigurationIsVisible = 0;
		};
/* End XCConfigurationList section */
	};
	rootObject = AA6F46961DEC87FA00086C8D /* Project object */;
}
